
Microsoft Visual Studio Solution File, Format Version 12.00
# Visual Studio 14
VisualStudioVersion = 14.0.23107.0
MinimumVisualStudioVersion = 10.0.40219.1
Project("{FAE04EC0-301F-11D3-BF4B-00C04F79EFBC}") = "IconTest", "IconTest\IconTest.csproj", "{B475E487-B386-48C0-BCE0-0369EB171689}"
EndProject
Project("{2150E333-8FDC-42A3-9474-1A3956D46DE8}") = "Solution Items", "Solution Items", "{87B6DDF9-36CE-4AAE-8B31-1C3FB9B79F5C}"
EndProject
Project("{FAE04EC0-301F-11D3-BF4B-00C04F79EFBC}") = "LobiNoticer", "LobiNoticer\LobiNoticer.csproj", "{17CFA59F-2B6A-4FD5-8395-0B9C02C5B609}"
EndProject
Global
	GlobalSection(SolutionConfigurationPlatforms) = preSolution
		Debug|Any CPU = Debug|Any CPU
		Release|Any CPU = Release|Any CPU
	EndGlobalSection
	GlobalSection(ProjectConfigurationPlatforms) = postSolution
		{B475E487-B386-48C0-BCE0-0369EB171689}.Debug|Any CPU.ActiveCfg = Debug|Any CPU
		{B475E487-B386-48C0-BCE0-0369EB171689}.Debug|Any CPU.Build.0 = Debug|Any CPU
		{B475E487-B386-48C0-BCE0-0369EB171689}.Release|Any CPU.ActiveCfg = Release|Any CPU
		{B475E487-B386-48C0-BCE0-0369EB171689}.Release|Any CPU.Build.0 = Release|Any CPU
		{17CFA59F-2B6A-4FD5-8395-0B9C02C5B609}.Debug|Any CPU.ActiveCfg = Debug|Any CPU
		{17CFA59F-2B6A-4FD5-8395-0B9C02C5B609}.Debug|Any CPU.Build.0 = Debug|Any CPU
		{17CFA59F-2B6A-4FD5-8395-0B9C02C5B609}.Release|Any CPU.ActiveCfg = Release|Any CPU
		{17CFA59F-2B6A-4FD5-8395-0B9C02C5B609}.Release|Any CPU.Build.0 = Release|Any CPU
	EndGlobalSection
	GlobalSection(SolutionProperties) = preSolution
		HideSolutionNode = FALSE
	EndGlobalSection
EndGlobal
